
Microsoft Visual Studio Solution File, Format Version 12.00
# Visual Studio Version 17
VisualStudioVersion = 17.1.32319.34
MinimumVisualStudioVersion = 10.0.40219.1
Project("{8BC9CEB8-8B4A-11D0-8D11-00A0C91BC942}") = "Sheet10", "Sheet10.vcxproj", "{461C9E75-AA65-4D6A-A3F4-1FC4E3C3CAEE}"
EndProject
Global
	GlobalSection(SolutionConfigurationPlatforms) = preSolution
		Debug|x64 = Debug|x64
		Debug|x86 = Debug|x86
		Release|x64 = Release|x64
		Release|x86 = Release|x86
	EndGlobalSection
	GlobalSection(ProjectConfigurationPlatforms) = postSolution
		{461C9E75-AA65-4D6A-A3F4-1FC4E3C3CAEE}.Debug|x64.ActiveCfg = Debug|x64
		{461C9E75-AA65-4D6A-A3F4-1FC4E3C3CAEE}.Debug|x64.Build.0 = Debug|x64
		{461C9E75-AA65-4D6A-A3F4-1FC4E3C3CAEE}.Debug|x86.ActiveCfg = Debug|Win32
		{461C9E75-AA65-4D6A-A3F4-1FC4E3C3CAEE}.Debug|x86.Build.0 = Debug|Win32
		{461C9E75-AA65-4D6A-A3F4-1FC4E3C3CAEE}.Release|x64.ActiveCfg = Release|x64
		{461C9E75-AA65-4D6A-A3F4-1FC4E3C3CAEE}.Release|x64.Build.0 = Release|x64
		{461C9E75-AA65-4D6A-A3F4-1FC4E3C3CAEE}.Release|x86.ActiveCfg = Release|Win32
		{461C9E75-AA65-4D6A-A3F4-1FC4E3C3CAEE}.Release|x86.Build.0 = Release|Win32
	EndGlobalSection
	GlobalSection(SolutionProperties) = preSolution
		HideSolutionNode = FALSE
	EndGlobalSection
	GlobalSection(ExtensibilityGlobals) = postSolution
		SolutionGuid = {360A283B-AF16-4EC8-BB1A-5FB22DC8DF19}
	EndGlobalSection
EndGlobal
